{
  "name": "@ramesh-dangudubiyyam/date-renderer",
  "version": "3.0.0",
  "lockfileVersion": 2,
  "requires": true,
  "packages": {
    "": {
      "name": "@ramesh-dangudubiyyam/date-renderer",
      "version": "3.0.0",
      "license": "ISC",
      "dependencies": {
        "@ramesh-dangudubiyyam/date-logic": "^3.0.0"
      }
    },
    "node_modules/@ramesh-dangudubiyyam/date-logic": {
      "version": "1.0.0",
      "resolved": "https://npm.pkg.github.com/download/@ramesh-dangudubiyyam/date-logic/1.0.0/7aa7ff2463ff5649890dd7def4126ef60932ca99",
      "integrity": "sha512-noxNH2snr9SPae0hYZNIB8sOkFqy5jiykM8FNMs6VxCsbGLt9MbaxtAhK4rHwfqH/S07jCjor5P0v/Socfp9dw==",
      "license": "ISC"
    }
  },
  "dependencies": {
    "@ramesh-dangudubiyyam/date-logic": {
      "version": "1.0.0",
      "resolved": "https://npm.pkg.github.com/download/@ramesh-dangudubiyyam/date-logic/1.0.0/7aa7ff2463ff5649890dd7def4126ef60932ca99",
      "integrity": "sha512-noxNH2snr9SPae0hYZNIB8sOkFqy5jiykM8FNMs6VxCsbGLt9MbaxtAhK4rHwfqH/S07jCjor5P0v/Socfp9dw=="
    }
  }
}
